
Microsoft Visual Studio Solution File, Format Version 12.00
# Visual Studio Version 16
VisualStudioVersion = 16.0.30611.23
MinimumVisualStudioVersion = 10.0.40219.1
Project("{FAE04EC0-301F-11D3-BF4B-00C04F79EFBC}") = "Műkorcsolya", "Műkorcsolya\Műkorcsolya.csproj", "{D246DC20-16C7-466C-B8DA-73E2F94D6212}"
EndProject
Global
	GlobalSection(SolutionConfigurationPlatforms) = preSolution
		Debug|Any CPU = Debug|Any CPU
		Release|Any CPU = Release|Any CPU
	EndGlobalSection
	GlobalSection(ProjectConfigurationPlatforms) = postSolution
		{D246DC20-16C7-466C-B8DA-73E2F94D6212}.Debug|Any CPU.ActiveCfg = Debug|Any CPU
		{D246DC20-16C7-466C-B8DA-73E2F94D6212}.Debug|Any CPU.Build.0 = Debug|Any CPU
		{D246DC20-16C7-466C-B8DA-73E2F94D6212}.Release|Any CPU.ActiveCfg = Release|Any CPU
		{D246DC20-16C7-466C-B8DA-73E2F94D6212}.Release|Any CPU.Build.0 = Release|Any CPU
	EndGlobalSection
	GlobalSection(SolutionProperties) = preSolution
		HideSolutionNode = FALSE
	EndGlobalSection
	GlobalSection(ExtensibilityGlobals) = postSolution
		SolutionGuid = {9290D53F-3103-48F4-BDD8-EABFD890ED7D}
	EndGlobalSection
EndGlobal
